// !$*UTF8*$!
{
	archiveVersion = 1;
	classes = {
	};
	objectVersion = 46;
	objects = {

/* Begin PBXBuildFile section */
		D901D2741B0FDDE100A17CA9 /* Fancy1TextField.m in Sources */ = {isa = PBXBuildFile; fileRef = D901D2731B0FDDE100A17CA9 /* Fancy1TextField.m */; };
		D92A31751B109583006B06D2 /* Fancy2TextField.m in Sources */ = {isa = PBXBuildFile; fileRef = D92A31741B109583006B06D2 /* Fancy2TextField.m */; };
		D93290A31B0F961D00C827B9 /* main.m in Sources */ = {isa = PBXBuildFile; fileRef = D93290A21B0F961D00C827B9 /* main.m */; };
		D93290A61B0F961D00C827B9 /* AppDelegate.m in Sources */ = {isa = PBXBuildFile; fileRef = D93290A51B0F961D00C827B9 /* AppDelegate.m */; };
		D93290A91B0F961D00C827B9 /* ViewController.m in Sources */ = {isa = PBXBuildFile; fileRef = D93290A81B0F961D00C827B9 /* ViewController.m */; };
		D93290AC1B0F961E00C827B9 /* Main.storyboard in Resources */ = {isa = PBXBuildFile; fileRef = D93290AA1B0F961D00C827B9 /* Main.storyboard */; };
		D93290AE1B0F961E00C827B9 /* Images.xcassets in Resources */ = {isa = PBXBuildFile; fileRef = D93290AD1B0F961E00C827B9 /* Images.xcassets */; };
		D93290B11B0F961E00C827B9 /* LaunchScreen.xib in Resources */ = {isa = PBXBuildFile; fileRef = D93290AF1B0F961E00C827B9 /* LaunchScreen.xib */; };
		D93290BD1B0F961E00C827B9 /* FancyTextFieldTests.m in Sources */ = {isa = PBXBuildFile; fileRef = D93290BC1B0F961E00C827B9 /* FancyTextFieldTests.m */; };
		D93290C81B0F964E00C827B9 /* FancyTextField.m in Sources */ = {isa = PBXBuildFile; fileRef = D93290C71B0F964E00C827B9 /* FancyTextField.m */; };
/* End PBXBuildFile section */

/* Begin PBXContainerItemProxy section */
		D93290B71B0F961E00C827B9 /* PBXContainerItemProxy */ = {
			isa = PBXContainerItemProxy;
			containerPortal = D93290951B0F961D00C827B9 /* Project object */;
			proxyType = 1;
			remoteGlobalIDString = D932909C1B0F961D00C827B9;
			remoteInfo = FancyTextField;
		};
/* End PBXContainerItemProxy section */

/* Begin PBXFileReference section */
		D901D2721B0FDDE100A17CA9 /* Fancy1TextField.h */ = {isa = PBXFileReference; fileEncoding = 4; lastKnownFileType = sourcecode.c.h; path = Fancy1TextField.h; sourceTree = "<group>"; };
		D901D2731B0FDDE100A17CA9 /* Fancy1TextField.m */ = {isa = PBXFileReference; fileEncoding = 4; lastKnownFileType = sourcecode.c.objc; path = Fancy1TextField.m; sourceTree = "<group>"; };
		D92A31731B109583006B06D2 /* Fancy2TextField.h */ = {isa = PBXFileReference; fileEncoding = 4; lastKnownFileType = sourcecode.c.h; path = Fancy2TextField.h; sourceTree = "<group>"; };
		D92A31741B109583006B06D2 /* Fancy2TextField.m */ = {isa = PBXFileReference; fileEncoding = 4; lastKnownFileType = sourcecode.c.objc; path = Fancy2TextField.m; sourceTree = "<group>"; };
		D932909D1B0F961D00C827B9 /* FancyTextField.app */ = {isa = PBXFileReference; explicitFileType = wrapper.application; includeInIndex = 0; path = FancyTextField.app; sourceTree = BUILT_PRODUCTS_DIR; };
		D93290A11B0F961D00C827B9 /* Info.plist */ = {isa = PBXFileReference; lastKnownFileType = text.plist.xml; path = Info.plist; sourceTree = "<group>"; };
		D93290A21B0F961D00C827B9 /* main.m */ = {isa = PBXFileReference; lastKnownFileType = sourcecode.c.objc; path = main.m; sourceTree = "<group>"; };
		D93290A41B0F961D00C827B9 /* AppDelegate.h */ = {isa = PBXFileReference; lastKnownFileType = sourcecode.c.h; path = AppDelegate.h; sourceTree = "<group>"; };
		D93290A51B0F961D00C827B9 /* AppDelegate.m */ = {isa = PBXFileReference; lastKnownFileType = sourcecode.c.objc; path = AppDelegate.m; sourceTree = "<group>"; };
		D93290A71B0F961D00C827B9 /* ViewController.h */ = {isa = PBXFileReference; lastKnownFileType = sourcecode.c.h; path = ViewController.h; sourceTree = "<group>"; };
		D93290A81B0F961D00C827B9 /* ViewController.m */ = {isa = PBXFileReference; lastKnownFileType = sourcecode.c.objc; path = ViewController.m; sourceTree = "<group>"; };
		D93290AB1B0F961D00C827B9 /* Base */ = {isa = PBXFileReference; lastKnownFileType = file.storyboard; name = Base; path = Base.lproj/Main.storyboard; sourceTree = "<group>"; };
		D93290AD1B0F961E00C827B9 /* Images.xcassets */ = {isa = PBXFileReference; lastKnownFileType = folder.assetcatalog; path = Images.xcassets; sourceTree = "<group>"; };
		D93290B01B0F961E00C827B9 /* Base */ = {isa = PBXFileReference; lastKnownFileType = file.xib; name = Base; path = Base.lproj/LaunchScreen.xib; sourceTree = "<group>"; };
		D93290B61B0F961E00C827B9 /* FancyTextFieldTests.xctest */ = {isa = PBXFileReference; explicitFileType = wrapper.cfbundle; includeInIndex = 0; path = FancyTextFieldTests.xctest; sourceTree = BUILT_PRODUCTS_DIR; };
		D93290BB1B0F961E00C827B9 /* Info.plist */ = {isa = PBXFileReference; lastKnownFileType = text.plist.xml; path = Info.plist; sourceTree = "<group>"; };
		D93290BC1B0F961E00C827B9 /* FancyTextFieldTests.m */ = {isa = PBXFileReference; lastKnownFileType = sourcecode.c.objc; path = FancyTextFieldTests.m; sourceTree = "<group>"; };
		D93290C61B0F964E00C827B9 /* FancyTextField.h */ = {isa = PBXFileReference; fileEncoding = 4; lastKnownFileType = sourcecode.c.h; path = FancyTextField.h; sourceTree = "<group>"; };
		D93290C71B0F964E00C827B9 /* FancyTextField.m */ = {isa = PBXFileReference; fileEncoding = 4; lastKnownFileType = sourcecode.c.objc; path = FancyTextField.m; sourceTree = "<group>"; };
/* End PBXFileReference section */

/* Begin PBXFrameworksBuildPhase section */
		D932909A1B0F961D00C827B9 /* Frameworks */ = {
			isa = PBXFrameworksBuildPhase;
			buildActionMask = 2147483647;
			files = (
			);
			runOnlyForDeploymentPostprocessing = 0;
		};
		D93290B31B0F961E00C827B9 /* Frameworks */ = {
			isa = PBXFrameworksBuildPhase;
			buildActionMask = 2147483647;
			files = (
			);
			runOnlyForDeploymentPostprocessing = 0;
		};
/* End PBXFrameworksBuildPhase section */

/* Begin PBXGroup section */
		D92A31761B10958D006B06D2 /* TextFields */ = {
			isa = PBXGroup;
			children = (
				D93290C61B0F964E00C827B9 /* FancyTextField.h */,
				D93290C71B0F964E00C827B9 /* FancyTextField.m */,
				D901D2721B0FDDE100A17CA9 /* Fancy1TextField.h */,
				D901D2731B0FDDE100A17CA9 /* Fancy1TextField.m */,
				D92A31731B109583006B06D2 /* Fancy2TextField.h */,
				D92A31741B109583006B06D2 /* Fancy2TextField.m */,
			);
			name = TextFields;
			sourceTree = "<group>";
		};
		D93290941B0F961D00C827B9 = {
			isa = PBXGroup;
			children = (
				D932909F1B0F961D00C827B9 /* FancyTextField */,
				D93290B91B0F961E00C827B9 /* FancyTextFieldTests */,
				D932909E1B0F961D00C827B9 /* Products */,
			);
			sourceTree = "<group>";
		};
		D932909E1B0F961D00C827B9 /* Products */ = {
			isa = PBXGroup;
			children = (
				D932909D1B0F961D00C827B9 /* FancyTextField.app */,
				D93290B61B0F961E00C827B9 /* FancyTextFieldTests.xctest */,
			);
			name = Products;
			sourceTree = "<group>";
		};
		D932909F1B0F961D00C827B9 /* FancyTextField */ = {
			isa = PBXGroup;
			children = (
				D92A31761B10958D006B06D2 /* TextFields */,
				D93290A41B0F961D00C827B9 /* AppDelegate.h */,
				D93290A51B0F961D00C827B9 /* AppDelegate.m */,
				D93290A71B0F961D00C827B9 /* ViewController.h */,
				D93290A81B0F961D00C827B9 /* ViewController.m */,
				D93290AA1B0F961D00C827B9 /* Main.storyboard */,
				D93290AD1B0F961E00C827B9 /* Images.xcassets */,
				D93290AF1B0F961E00C827B9 /* LaunchScreen.xib */,
				D93290A01B0F961D00C827B9 /* Supporting Files */,
			);
			path = FancyTextField;
			sourceTree = "<group>";
		};
		D93290A01B0F961D00C827B9 /* Supporting Files */ = {
			isa = PBXGroup;
			children = (
				D93290A11B0F961D00C827B9 /* Info.plist */,
				D93290A21B0F961D00C827B9 /* main.m */,
			);
			name = "Supporting Files";
			sourceTree = "<group>";
		};
		D93290B91B0F961E00C827B9 /* FancyTextFieldTests */ = {
			isa = PBXGroup;
			children = (
				D93290BC1B0F961E00C827B9 /* FancyTextFieldTests.m */,
				D93290BA1B0F961E00C827B9 /* Supporting Files */,
			);
			path = FancyTextFieldTests;
			sourceTree = "<group>";
		};
		D93290BA1B0F961E00C827B9 /* Supporting Files */ = {
			isa = PBXGroup;
			children = (
				D93290BB1B0F961E00C827B9 /* Info.plist */,
			);
			name = "Supporting Files";
			sourceTree = "<group>";
		};
/* End PBXGroup section */

/* Begin PBXNativeTarget section */
		D932909C1B0F961D00C827B9 /* FancyTextField */ = {
			isa = PBXNativeTarget;
			buildConfigurationList = D93290C01B0F961E00C827B9 /* Build configuration list for PBXNativeTarget "FancyTextField" */;
			buildPhases = (
				D93290991B0F961D00C827B9 /* Sources */,
				D932909A1B0F961D00C827B9 /* Frameworks */,
				D932909B1B0F961D00C827B9 /* Resources */,
			);
			buildRules = (
			);
			dependencies = (
			);
			name = FancyTextField;
			productName = FancyTextField;
			productReference = D932909D1B0F961D00C827B9 /* FancyTextField.app */;
			productType = "com.apple.product-type.application";
		};
		D93290B51B0F961E00C827B9 /* FancyTextFieldTests */ = {
			isa = PBXNativeTarget;
			buildConfigurationList = D93290C31B0F961E00C827B9 /* Build configuration list for PBXNativeTarget "FancyTextFieldTests" */;
			buildPhases = (
				D93290B21B0F961E00C827B9 /* Sources */,
				D93290B31B0F961E00C827B9 /* Frameworks */,
				D93290B41B0F961E00C827B9 /* Resources */,
			);
			buildRules = (
			);
			dependencies = (
				D93290B81B0F961E00C827B9 /* PBXTargetDependency */,
			);
			name = FancyTextFieldTests;
			productName = FancyTextFieldTests;
			productReference = D93290B61B0F961E00C827B9 /* FancyTextFieldTests.xctest */;
			productType = "com.apple.product-type.bundle.unit-test";
		};
/* End PBXNativeTarget section */

/* Begin PBXProject section */
		D93290951B0F961D00C827B9 /* Project object */ = {
			isa = PBXProject;
			attributes = {
				LastUpgradeCheck = 0630;
				ORGANIZATIONNAME = "Enrico Zamagni";
				TargetAttributes = {
					D932909C1B0F961D00C827B9 = {
						CreatedOnToolsVersion = 6.3.2;
					};
					D93290B51B0F961E00C827B9 = {
						CreatedOnToolsVersion = 6.3.2;
						TestTargetID = D932909C1B0F961D00C827B9;
					};
				};
			};
			buildConfigurationList = D93290981B0F961D00C827B9 /* Build configuration list for PBXProject "FancyTextField" */;
			compatibilityVersion = "Xcode 3.2";
			developmentRegion = English;
			hasScannedForEncodings = 0;
			knownRegions = (
				en,
				Base,
			);
			mainGroup = D93290941B0F961D00C827B9;
			productRefGroup = D932909E1B0F961D00C827B9 /* Products */;
			projectDirPath = "";
			projectRoot = "";
			targets = (
				D932909C1B0F961D00C827B9 /* FancyTextField */,
				D93290B51B0F961E00C827B9 /* FancyTextFieldTests */,
			);
		};
/* End PBXProject section */

/* Begin PBXResourcesBuildPhase section */
		D932909B1B0F961D00C827B9 /* Resources */ = {
			isa = PBXResourcesBuildPhase;
			buildActionMask = 2147483647;
			files = (
				D93290AC1B0F961E00C827B9 /* Main.storyboard in Resources */,
				D93290B11B0F961E00C827B9 /* LaunchScreen.xib in Resources */,
				D93290AE1B0F961E00C827B9 /* Images.xcassets in Resources */,
			);
			runOnlyForDeploymentPostprocessing = 0;
		};
		D93290B41B0F961E00C827B9 /* Resources */ = {
			isa = PBXResourcesBuildPhase;
			buildActionMask = 2147483647;
			files = (
			);
			runOnlyForDeploymentPostprocessing = 0;
		};
/* End PBXResourcesBuildPhase section */

/* Begin PBXSourcesBuildPhase section */
		D93290991B0F961D00C827B9 /* Sources */ = {
			isa = PBXSourcesBuildPhase;
			buildActionMask = 2147483647;
			files = (
				D93290A91B0F961D00C827B9 /* ViewController.m in Sources */,
				D93290A61B0F961D00C827B9 /* AppDelegate.m in Sources */,
				D92A31751B109583006B06D2 /* Fancy2TextField.m in Sources */,
				D901D2741B0FDDE100A17CA9 /* Fancy1TextField.m in Sources */,
				D93290A31B0F961D00C827B9 /* main.m in Sources */,
				D93290C81B0F964E00C827B9 /* FancyTextField.m in Sources */,
			);
			runOnlyForDeploymentPostprocessing = 0;
		};
		D93290B21B0F961E00C827B9 /* Sources */ = {
			isa = PBXSourcesBuildPhase;
			buildActionMask = 2147483647;
			files = (
				D93290BD1B0F961E00C827B9 /* FancyTextFieldTests.m in Sources */,
			);
			runOnlyForDeploymentPostprocessing = 0;
		};
/* End PBXSourcesBuildPhase section */

/* Begin PBXTargetDependency section */
		D93290B81B0F961E00C827B9 /* PBXTargetDependency */ = {
			isa = PBXTargetDependency;
			target = D932909C1B0F961D00C827B9 /* FancyTextField */;
			targetProxy = D93290B71B0F961E00C827B9 /* PBXContainerItemProxy */;
		};
/* End PBXTargetDependency section */

/* Begin PBXVariantGroup section */
		D93290AA1B0F961D00C827B9 /* Main.storyboard */ = {
			isa = PBXVariantGroup;
			children = (
				D93290AB1B0F961D00C827B9 /* Base */,
			);
			name = Main.storyboard;
			sourceTree = "<group>";
		};
		D93290AF1B0F961E00C827B9 /* LaunchScreen.xib */ = {
			isa = PBXVariantGroup;
			children = (
				D93290B01B0F961E00C827B9 /* Base */,
			);
			name = LaunchScreen.xib;
			sourceTree = "<group>";
		};
/* End PBXVariantGroup section */

/* Begin XCBuildConfiguration section */
		D93290BE1B0F961E00C827B9 /* Debug */ = {
			isa = XCBuildConfiguration;
			buildSettings = {
				ALWAYS_SEARCH_USER_PATHS = NO;
				CLANG_CXX_LANGUAGE_STANDARD = "gnu++0x";
				CLANG_CXX_LIBRARY = "libc++";
				CLANG_ENABLE_MODULES = YES;
				CLANG_ENABLE_OBJC_ARC = YES;
				CLANG_WARN_BOOL_CONVERSION = YES;
				CLANG_WARN_CONSTANT_CONVERSION = YES;
				CLANG_WARN_DIRECT_OBJC_ISA_USAGE = YES_ERROR;
				CLANG_WARN_EMPTY_BODY = YES;
				CLANG_WARN_ENUM_CONVERSION = YES;
				CLANG_WARN_INT_CONVERSION = YES;
				CLANG_WARN_OBJC_ROOT_CLASS = YES_ERROR;
				CLANG_WARN_UNREACHABLE_CODE = YES;
				CLANG_WARN__DUPLICATE_METHOD_MATCH = YES;
				"CODE_SIGN_IDENTITY[sdk=iphoneos*]" = "iPhone Developer";
				COPY_PHASE_STRIP = NO;
				DEBUG_INFORMATION_FORMAT = "dwarf-with-dsym";
				ENABLE_STRICT_OBJC_MSGSEND = YES;
				GCC_C_LANGUAGE_STANDARD = gnu99;
				GCC_DYNAMIC_NO_PIC = NO;
				GCC_NO_COMMON_BLOCKS = YES;
				GCC_OPTIMIZATION_LEVEL = 0;
				GCC_PREPROCESSOR_DEFINITIONS = (
					"DEBUG=1",
					"$(inherited)",
				);
				GCC_SYMBOLS_PRIVATE_EXTERN = NO;
				GCC_WARN_64_TO_32_BIT_CONVERSION = YES;
				GCC_WARN_ABOUT_RETURN_TYPE = YES_ERROR;
				GCC_WARN_UNDECLARED_SELECTOR = YES;
				GCC_WARN_UNINITIALIZED_AUTOS = YES_AGGRESSIVE;
				GCC_WARN_UNUSED_FUNCTION = YES;
				GCC_WARN_UNUSED_VARIABLE = YES;
				IPHONEOS_DEPLOYMENT_TARGET = 8.3;
				MTL_ENABLE_DEBUG_INFO = YES;
				ONLY_ACTIVE_ARCH = YES;
				SDKROOT = iphoneos;
				TARGETED_DEVICE_FAMILY = "1,2";
			};
			name = Debug;
		};
		D93290BF1B0F961E00C827B9 /* Release */ = {
			isa = XCBuildConfiguration;
			buildSettings = {
				ALWAYS_SEARCH_USER_PATHS = NO;
				CLANG_CXX_LANGUAGE_STANDARD = "gnu++0x";
				CLANG_CXX_LIBRARY = "libc++";
				CLANG_ENABLE_MODULES = YES;
				CLANG_ENABLE_OBJC_ARC = YES;
				CLANG_WARN_BOOL_CONVERSION = YES;
				CLANG_WARN_CONSTANT_CONVERSION = YES;
				CLANG_WARN_DIRECT_OBJC_ISA_USAGE = YES_ERROR;
				CLANG_WARN_EMPTY_BODY = YES;
				CLANG_WARN_ENUM_CONVERSION = YES;
				CLANG_WARN_INT_CONVERSION = YES;
				CLANG_WARN_OBJC_ROOT_CLASS = YES_ERROR;
				CLANG_WARN_UNREACHABLE_CODE = YES;
				CLANG_WARN__DUPLICATE_METHOD_MATCH = YES;
				"CODE_SIGN_IDENTITY[sdk=iphoneos*]" = "iPhone Developer";
				COPY_PHASE_STRIP = NO;
				DEBUG_INFORMATION_FORMAT = "dwarf-with-dsym";
				ENABLE_NS_ASSERTIONS = NO;
				ENABLE_STRICT_OBJC_MSGSEND = YES;
				GCC_C_LANGUAGE_STANDARD = gnu99;
				GCC_NO_COMMON_BLOCKS = YES;
				GCC_WARN_64_TO_32_BIT_CONVERSION = YES;
				GCC_WARN_ABOUT_RETURN_TYPE = YES_ERROR;
				GCC_WARN_UNDECLARED_SELECTOR = YES;
				GCC_WARN_UNINITIALIZED_AUTOS = YES_AGGRESSIVE;
				GCC_WARN_UNUSED_FUNCTION = YES;
				GCC_WARN_UNUSED_VARIABLE = YES;
				IPHONEOS_DEPLOYMENT_TARGET = 8.3;
				MTL_ENABLE_DEBUG_INFO = NO;
				SDKROOT = iphoneos;
				TARGETED_DEVICE_FAMILY = "1,2";
				VALIDATE_PRODUCT = YES;
			};
			name = Release;
		};
		D93290C11B0F961E00C827B9 /* Debug */ = {
			isa = XCBuildConfiguration;
			buildSettings = {
				ASSETCATALOG_COMPILER_APPICON_NAME = AppIcon;
				INFOPLIST_FILE = FancyTextField/Info.plist;
				LD_RUNPATH_SEARCH_PATHS = "$(inherited) @executable_path/Frameworks";
				PRODUCT_NAME = "$(TARGET_NAME)";
			};
			name = Debug;
		};
		D93290C21B0F961E00C827B9 /* Release */ = {
			isa = XCBuildConfiguration;
			buildSettings = {
				ASSETCATALOG_COMPILER_APPICON_NAME = AppIcon;
				INFOPLIST_FILE = FancyTextField/Info.plist;
				LD_RUNPATH_SEARCH_PATHS = "$(inherited) @executable_path/Frameworks";
				PRODUCT_NAME = "$(TARGET_NAME)";
			};
			name = Release;
		};
		D93290C41B0F961E00C827B9 /* Debug */ = {
			isa = XCBuildConfiguration;
			buildSettings = {
				BUNDLE_LOADER = "$(TEST_HOST)";
				FRAMEWORK_SEARCH_PATHS = (
					"$(SDKROOT)/Developer/Library/Frameworks",
					"$(inherited)",
				);
				GCC_PREPROCESSOR_DEFINITIONS = (
					"DEBUG=1",
					"$(inherited)",
				);
				INFOPLIST_FILE = FancyTextFieldTests/Info.plist;
				LD_RUNPATH_SEARCH_PATHS = "$(inherited) @executable_path/Frameworks @loader_path/Frameworks";
				PRODUCT_NAME = "$(TARGET_NAME)";
				TEST_HOST = "$(BUILT_PRODUCTS_DIR)/FancyTextField.app/FancyTextField";
			};
			name = Debug;
		};
		D93290C51B0F961E00C827B9 /* Release */ = {
			isa = XCBuildConfiguration;
			buildSettings = {
				BUNDLE_LOADER = "$(TEST_HOST)";
				FRAMEWORK_SEARCH_PATHS = (
					"$(SDKROOT)/Developer/Library/Frameworks",
					"$(inherited)",
				);
				INFOPLIST_FILE = FancyTextFieldTests/Info.plist;
				LD_RUNPATH_SEARCH_PATHS = "$(inherited) @executable_path/Frameworks @loader_path/Frameworks";
				PRODUCT_NAME = "$(TARGET_NAME)";
				TEST_HOST = "$(BUILT_PRODUCTS_DIR)/FancyTextField.app/FancyTextField";
			};
			name = Release;
		};
/* End XCBuildConfiguration section */

/* Begin XCConfigurationList section */
		D93290981B0F961D00C827B9 /* Build configuration list for PBXProject "FancyTextField" */ = {
			isa = XCConfigurationList;
			buildConfigurations = (
				D93290BE1B0F961E00C827B9 /* Debug */,
				D93290BF1B0F961E00C827B9 /* Release */,
			);
			defaultConfigurationIsVisible = 0;
			defaultConfigurationName = Release;
		};
		D93290C01B0F961E00C827B9 /* Build configuration list for PBXNativeTarget "FancyTextField" */ = {
			isa = XCConfigurationList;
			buildConfigurations = (
				D93290C11B0F961E00C827B9 /* Debug */,
				D93290C21B0F961E00C827B9 /* Release */,
			);
			defaultConfigurationIsVisible = 0;
			defaultConfigurationName = Release;
		};
		D93290C31B0F961E00C827B9 /* Build configuration list for PBXNativeTarget "FancyTextFieldTests" */ = {
			isa = XCConfigurationList;
			buildConfigurations = (
				D93290C41B0F961E00C827B9 /* Debug */,
				D93290C51B0F961E00C827B9 /* Release */,
			);
			defaultConfigurationIsVisible = 0;
			defaultConfigurationName = Release;
		};
/* End XCConfigurationList section */
	};
	rootObject = D93290951B0F961D00C827B9 /* Project object */;
}
